
Microsoft Visual Studio Solution File, Format Version 12.00
# Visual Studio Version 17
VisualStudioVersion = 17.5.002.0
MinimumVisualStudioVersion = 10.0.40219.1
Project("{9A19103F-16F7-4668-BE54-9A1E7A4F7556}") = "14-08ComProgramaMain", "14-08ComProgramaMain.csproj", "{A79EAB9E-9A5C-4C96-BAD0-414882F988BD}"
EndProject
Global
	GlobalSection(SolutionConfigurationPlatforms) = preSolution
		Debug|Any CPU = Debug|Any CPU
		Release|Any CPU = Release|Any CPU
	EndGlobalSection
	GlobalSection(ProjectConfigurationPlatforms) = postSolution
		{A79EAB9E-9A5C-4C96-BAD0-414882F988BD}.Debug|Any CPU.ActiveCfg = Debug|Any CPU
		{A79EAB9E-9A5C-4C96-BAD0-414882F988BD}.Debug|Any CPU.Build.0 = Debug|Any CPU
		{A79EAB9E-9A5C-4C96-BAD0-414882F988BD}.Release|Any CPU.ActiveCfg = Release|Any CPU
		{A79EAB9E-9A5C-4C96-BAD0-414882F988BD}.Release|Any CPU.Build.0 = Release|Any CPU
	EndGlobalSection
	GlobalSection(SolutionProperties) = preSolution
		HideSolutionNode = FALSE
	EndGlobalSection
	GlobalSection(ExtensibilityGlobals) = postSolution
		SolutionGuid = {6C98F82C-F0A8-4128-A119-48E1C9B27CBB}
	EndGlobalSection
EndGlobal
